
Microsoft Visual Studio Solution File, Format Version 12.00
# Visual Studio Version 17
VisualStudioVersion = 17.5.33502.453
MinimumVisualStudioVersion = 10.0.40219.1
Project("{FAE04EC0-301F-11D3-BF4B-00C04F79EFBC}") = "Task", "Task\Task.csproj", "{ED5E194D-10B0-400D-AB19-C545A864358D}"
EndProject
Global
	GlobalSection(SolutionConfigurationPlatforms) = preSolution
		Debug|Any CPU = Debug|Any CPU
		Release|Any CPU = Release|Any CPU
	EndGlobalSection
	GlobalSection(ProjectConfigurationPlatforms) = postSolution
		{ED5E194D-10B0-400D-AB19-C545A864358D}.Debug|Any CPU.ActiveCfg = Debug|Any CPU
		{ED5E194D-10B0-400D-AB19-C545A864358D}.Debug|Any CPU.Build.0 = Debug|Any CPU
		{ED5E194D-10B0-400D-AB19-C545A864358D}.Release|Any CPU.ActiveCfg = Release|Any CPU
		{ED5E194D-10B0-400D-AB19-C545A864358D}.Release|Any CPU.Build.0 = Release|Any CPU
	EndGlobalSection
	GlobalSection(SolutionProperties) = preSolution
		HideSolutionNode = FALSE
	EndGlobalSection
	GlobalSection(ExtensibilityGlobals) = postSolution
		SolutionGuid = {8B1DD7FF-B2DB-432B-9B93-7BD4C5EF1577}
	EndGlobalSection
EndGlobal
